
Microsoft Visual Studio Solution File, Format Version 12.00
# Visual Studio Version 16
VisualStudioVersion = 16.0.30804.86
MinimumVisualStudioVersion = 10.0.40219.1
Project("{9A19103F-16F7-4668-BE54-9A1E7A4F7556}") = "CourseWorkLabunDOTNETCORE", "CourseWorkLabunDOTNETCORE.csproj", "{1244317C-B066-4F95-B398-B5CB9E747A6E}"
EndProject
Project("{9A19103F-16F7-4668-BE54-9A1E7A4F7556}") = "BLL_DOTNETCORE", "..\BLL_DOTNETCORE\BLL_DOTNETCORE.csproj", "{CCC2DA9C-1212-435C-B9B9-3FA7958D9F62}"
EndProject
Project("{9A19103F-16F7-4668-BE54-9A1E7A4F7556}") = "DAL_DOTNETCORE", "..\DAL_DOTNETCORE\DAL_DOTNETCORE.csproj", "{C7DB71D3-65EE-4654-AFDA-92B726300996}"
EndProject
Project("{9A19103F-16F7-4668-BE54-9A1E7A4F7556}") = "DALTestingCourseWorkLabun", "..\DALTestingCourseWorkLabun\DALTestingCourseWorkLabun.csproj", "{9F88EBA6-1896-4BD4-85C6-004D2AF1FB25}"
EndProject
Project("{9A19103F-16F7-4668-BE54-9A1E7A4F7556}") = "BLL_DOTNETCORE_TESTING", "..\BLL_DOTNETCORE_TESTING\BLL_DOTNETCORE_TESTING.csproj", "{90944125-473E-460B-A41F-3EE7D533EC3A}"
EndProject
Global
	GlobalSection(SolutionConfigurationPlatforms) = preSolution
		Debug|Any CPU = Debug|Any CPU
		Release|Any CPU = Release|Any CPU
	EndGlobalSection
	GlobalSection(ProjectConfigurationPlatforms) = postSolution
		{1244317C-B066-4F95-B398-B5CB9E747A6E}.Debug|Any CPU.ActiveCfg = Debug|Any CPU
		{1244317C-B066-4F95-B398-B5CB9E747A6E}.Debug|Any CPU.Build.0 = Debug|Any CPU
		{1244317C-B066-4F95-B398-B5CB9E747A6E}.Release|Any CPU.ActiveCfg = Release|Any CPU
		{1244317C-B066-4F95-B398-B5CB9E747A6E}.Release|Any CPU.Build.0 = Release|Any CPU
		{CCC2DA9C-1212-435C-B9B9-3FA7958D9F62}.Debug|Any CPU.ActiveCfg = Debug|Any CPU
		{CCC2DA9C-1212-435C-B9B9-3FA7958D9F62}.Debug|Any CPU.Build.0 = Debug|Any CPU
		{CCC2DA9C-1212-435C-B9B9-3FA7958D9F62}.Release|Any CPU.ActiveCfg = Release|Any CPU
		{CCC2DA9C-1212-435C-B9B9-3FA7958D9F62}.Release|Any CPU.Build.0 = Release|Any CPU
		{C7DB71D3-65EE-4654-AFDA-92B726300996}.Debug|Any CPU.ActiveCfg = Debug|Any CPU
		{C7DB71D3-65EE-4654-AFDA-92B726300996}.Debug|Any CPU.Build.0 = Debug|Any CPU
		{C7DB71D3-65EE-4654-AFDA-92B726300996}.Release|Any CPU.ActiveCfg = Release|Any CPU
		{C7DB71D3-65EE-4654-AFDA-92B726300996}.Release|Any CPU.Build.0 = Release|Any CPU
		{9F88EBA6-1896-4BD4-85C6-004D2AF1FB25}.Debug|Any CPU.ActiveCfg = Debug|Any CPU
		{9F88EBA6-1896-4BD4-85C6-004D2AF1FB25}.Debug|Any CPU.Build.0 = Debug|Any CPU
		{9F88EBA6-1896-4BD4-85C6-004D2AF1FB25}.Release|Any CPU.ActiveCfg = Release|Any CPU
		{9F88EBA6-1896-4BD4-85C6-004D2AF1FB25}.Release|Any CPU.Build.0 = Release|Any CPU
		{90944125-473E-460B-A41F-3EE7D533EC3A}.Debug|Any CPU.ActiveCfg = Debug|Any CPU
		{90944125-473E-460B-A41F-3EE7D533EC3A}.Debug|Any CPU.Build.0 = Debug|Any CPU
		{90944125-473E-460B-A41F-3EE7D533EC3A}.Release|Any CPU.ActiveCfg = Release|Any CPU
		{90944125-473E-460B-A41F-3EE7D533EC3A}.Release|Any CPU.Build.0 = Release|Any CPU
	EndGlobalSection
	GlobalSection(SolutionProperties) = preSolution
		HideSolutionNode = FALSE
	EndGlobalSection
	GlobalSection(ExtensibilityGlobals) = postSolution
		SolutionGuid = {3301F2C9-4714-4C9B-93C1-2D9F61C855FA}
	EndGlobalSection
EndGlobal
